
Microsoft Visual Studio Solution File, Format Version 12.00
Project("{FAE04EC0-301F-11D3-BF4B-00C04F79EFBC}") = "aoc2024.13", "aoc2024.13.csproj", "{4914DE45-7588-41CB-992F-279483B27687}"
EndProject
Global
	GlobalSection(SolutionConfigurationPlatforms) = preSolution
		Debug|Any CPU = Debug|Any CPU
		Release|Any CPU = Release|Any CPU
	EndGlobalSection
	GlobalSection(ProjectConfigurationPlatforms) = postSolution
		{4914DE45-7588-41CB-992F-279483B27687}.Debug|Any CPU.ActiveCfg = Debug|Any CPU
		{4914DE45-7588-41CB-992F-279483B27687}.Debug|Any CPU.Build.0 = Debug|Any CPU
		{4914DE45-7588-41CB-992F-279483B27687}.Release|Any CPU.ActiveCfg = Release|Any CPU
		{4914DE45-7588-41CB-992F-279483B27687}.Release|Any CPU.Build.0 = Release|Any CPU
	EndGlobalSection
EndGlobal
